
Microsoft Visual Studio Solution File, Format Version 12.00
# Visual Studio Version 17
VisualStudioVersion = 17.11.35208.52
MinimumVisualStudioVersion = 10.0.40219.1
Project("{FAE04EC0-301F-11D3-BF4B-00C04F79EFBC}") = "WebApplicationSession5", "WebApplicationSession5\WebApplicationSession5.csproj", "{2C102429-3681-4F1A-A8DE-9B28285CA73C}"
EndProject
Global
	GlobalSection(SolutionConfigurationPlatforms) = preSolution
		Debug|Any CPU = Debug|Any CPU
		Release|Any CPU = Release|Any CPU
	EndGlobalSection
	GlobalSection(ProjectConfigurationPlatforms) = postSolution
		{2C102429-3681-4F1A-A8DE-9B28285CA73C}.Debug|Any CPU.ActiveCfg = Debug|Any CPU
		{2C102429-3681-4F1A-A8DE-9B28285CA73C}.Debug|Any CPU.Build.0 = Debug|Any CPU
		{2C102429-3681-4F1A-A8DE-9B28285CA73C}.Release|Any CPU.ActiveCfg = Release|Any CPU
		{2C102429-3681-4F1A-A8DE-9B28285CA73C}.Release|Any CPU.Build.0 = Release|Any CPU
	EndGlobalSection
	GlobalSection(SolutionProperties) = preSolution
		HideSolutionNode = FALSE
	EndGlobalSection
	GlobalSection(ExtensibilityGlobals) = postSolution
		SolutionGuid = {93C8C2D1-2466-48AC-84F3-B377B031C15A}
	EndGlobalSection
EndGlobal
